
Microsoft Visual Studio Solution File, Format Version 12.00
# Visual Studio Version 17
VisualStudioVersion = 17.11.35431.28
MinimumVisualStudioVersion = 10.0.40219.1
Project("{9A19103F-16F7-4668-BE54-9A1E7A4F7556}") = "async-await", "async-await\async-await.csproj", "{CC4FC1EA-FA32-469A-963C-E6F1CBFE3892}"
EndProject
Project("{9A19103F-16F7-4668-BE54-9A1E7A4F7556}") = "Parallel", "Parallel\Parallel.csproj", "{FFA8E186-9CD0-4B32-AA4D-738B9CF6202C}"
EndProject
Project("{9A19103F-16F7-4668-BE54-9A1E7A4F7556}") = "Threads", "Threads\Threads.csproj", "{EBBCC7E0-CF73-41C9-A9B2-28F1F23912B3}"
EndProject
Project("{FAE04EC0-301F-11D3-BF4B-00C04F79EFBC}") = "CancellationToken", "CancellationToken\CancellationToken.csproj", "{31997288-3955-444C-B58E-EEE38A41CBCD}"
EndProject
Global
	GlobalSection(SolutionConfigurationPlatforms) = preSolution
		Debug|Any CPU = Debug|Any CPU
		Release|Any CPU = Release|Any CPU
	EndGlobalSection
	GlobalSection(ProjectConfigurationPlatforms) = postSolution
		{CC4FC1EA-FA32-469A-963C-E6F1CBFE3892}.Debug|Any CPU.ActiveCfg = Debug|Any CPU
		{CC4FC1EA-FA32-469A-963C-E6F1CBFE3892}.Debug|Any CPU.Build.0 = Debug|Any CPU
		{CC4FC1EA-FA32-469A-963C-E6F1CBFE3892}.Release|Any CPU.ActiveCfg = Release|Any CPU
		{CC4FC1EA-FA32-469A-963C-E6F1CBFE3892}.Release|Any CPU.Build.0 = Release|Any CPU
		{FFA8E186-9CD0-4B32-AA4D-738B9CF6202C}.Debug|Any CPU.ActiveCfg = Debug|Any CPU
		{FFA8E186-9CD0-4B32-AA4D-738B9CF6202C}.Debug|Any CPU.Build.0 = Debug|Any CPU
		{FFA8E186-9CD0-4B32-AA4D-738B9CF6202C}.Release|Any CPU.ActiveCfg = Release|Any CPU
		{FFA8E186-9CD0-4B32-AA4D-738B9CF6202C}.Release|Any CPU.Build.0 = Release|Any CPU
		{EBBCC7E0-CF73-41C9-A9B2-28F1F23912B3}.Debug|Any CPU.ActiveCfg = Debug|Any CPU
		{EBBCC7E0-CF73-41C9-A9B2-28F1F23912B3}.Debug|Any CPU.Build.0 = Debug|Any CPU
		{EBBCC7E0-CF73-41C9-A9B2-28F1F23912B3}.Release|Any CPU.ActiveCfg = Release|Any CPU
		{EBBCC7E0-CF73-41C9-A9B2-28F1F23912B3}.Release|Any CPU.Build.0 = Release|Any CPU
		{31997288-3955-444C-B58E-EEE38A41CBCD}.Debug|Any CPU.ActiveCfg = Debug|Any CPU
		{31997288-3955-444C-B58E-EEE38A41CBCD}.Debug|Any CPU.Build.0 = Debug|Any CPU
		{31997288-3955-444C-B58E-EEE38A41CBCD}.Release|Any CPU.ActiveCfg = Release|Any CPU
		{31997288-3955-444C-B58E-EEE38A41CBCD}.Release|Any CPU.Build.0 = Release|Any CPU
	EndGlobalSection
	GlobalSection(SolutionProperties) = preSolution
		HideSolutionNode = FALSE
	EndGlobalSection
	GlobalSection(ExtensibilityGlobals) = postSolution
		SolutionGuid = {845298A6-C2F3-40E3-8046-A2BF8D8C6F4E}
	EndGlobalSection
EndGlobal
